// !$*UTF8*$!
{
	archiveVersion = 1;
	classes = {
	};
	objectVersion = 48;
	objects = {

/* Begin PBXBuildFile section */
		90BC025CD3E8D73B1D7E1A76 /* Pods_SwiftFlashCardsTests.framework in Frameworks */ = {isa = PBXBuildFile; fileRef = 834E858D3532846312C9462E /* Pods_SwiftFlashCardsTests.framework */; };
		B5585F895CF642039DED6AD7 /* Pods_SwiftFlashCardsUITests.framework in Frameworks */ = {isa = PBXBuildFile; fileRef = FCDD7C7BDFD683534A5A5C53 /* Pods_SwiftFlashCardsUITests.framework */; };
		D22F13862039210900F62A4C /* CategoriesViewController.swift in Sources */ = {isa = PBXBuildFile; fileRef = D22F13852039210900F62A4C /* CategoriesViewController.swift */; };
		D22F1388203922EC00F62A4C /* CategoriesView.swift in Sources */ = {isa = PBXBuildFile; fileRef = D22F1387203922EC00F62A4C /* CategoriesView.swift */; };
		D22F138D2039E73E00F62A4C /* Card.swift in Sources */ = {isa = PBXBuildFile; fileRef = D22F138C2039E73E00F62A4C /* Card.swift */; };
		D22F138F2039E9EE00F62A4C /* DBService+Cards.swift in Sources */ = {isa = PBXBuildFile; fileRef = D22F138E2039E9EE00F62A4C /* DBService+Cards.swift */; };
		D22F1391203BDEE900F62A4C /* Category.swift in Sources */ = {isa = PBXBuildFile; fileRef = D22F1390203BDEE900F62A4C /* Category.swift */; };
		D22F1393203BE0CE00F62A4C /* DBService+Categories.swift in Sources */ = {isa = PBXBuildFile; fileRef = D22F1392203BE0CE00F62A4C /* DBService+Categories.swift */; };
		D22F1395203CD2F000F62A4C /* CategoryTableViewCell.swift in Sources */ = {isa = PBXBuildFile; fileRef = D22F1394203CD2F000F62A4C /* CategoryTableViewCell.swift */; };
		D22F1397203D060600F62A4C /* CardsViewController.swift in Sources */ = {isa = PBXBuildFile; fileRef = D22F1396203D060600F62A4C /* CardsViewController.swift */; };
		D22F1399203D062500F62A4C /* CardsView.swift in Sources */ = {isa = PBXBuildFile; fileRef = D22F1398203D062500F62A4C /* CardsView.swift */; };
		D22F139D203E1C4B00F62A4C /* CardCollectionViewCell.swift in Sources */ = {isa = PBXBuildFile; fileRef = D22F139C203E1C4B00F62A4C /* CardCollectionViewCell.swift */; };
		D27F7EDD2032335B00E61BE8 /* AppDelegate.swift in Sources */ = {isa = PBXBuildFile; fileRef = D27F7EDC2032335B00E61BE8 /* AppDelegate.swift */; };
		D27F7EDF2032335B00E61BE8 /* LoginViewController.swift in Sources */ = {isa = PBXBuildFile; fileRef = D27F7EDE2032335B00E61BE8 /* LoginViewController.swift */; };
		D27F7EE42032335B00E61BE8 /* Assets.xcassets in Resources */ = {isa = PBXBuildFile; fileRef = D27F7EE32032335B00E61BE8 /* Assets.xcassets */; };
		D27F7EE72032335B00E61BE8 /* LaunchScreen.storyboard in Resources */ = {isa = PBXBuildFile; fileRef = D27F7EE52032335B00E61BE8 /* LaunchScreen.storyboard */; };
		D27F7EF22032335B00E61BE8 /* SwiftFlashCardsTests.swift in Sources */ = {isa = PBXBuildFile; fileRef = D27F7EF12032335B00E61BE8 /* SwiftFlashCardsTests.swift */; };
		D27F7EFD2032335C00E61BE8 /* SwiftFlashCardsUITests.swift in Sources */ = {isa = PBXBuildFile; fileRef = D27F7EFC2032335C00E61BE8 /* SwiftFlashCardsUITests.swift */; };
		D29D92FB2032370C00B9BC31 /* LoginView.swift in Sources */ = {isa = PBXBuildFile; fileRef = D29D92FA2032370C00B9BC31 /* LoginView.swift */; };
		D2D4291620362FC300DEAE1A /* GoogleService-Info.plist in Resources */ = {isa = PBXBuildFile; fileRef = D2D4291520362FC300DEAE1A /* GoogleService-Info.plist */; };
		D2D42918203632EF00DEAE1A /* AuthUserService.swift in Sources */ = {isa = PBXBuildFile; fileRef = D2D42917203632EF00DEAE1A /* AuthUserService.swift */; };
		D2D4291C2036340B00DEAE1A /* DBService.swift in Sources */ = {isa = PBXBuildFile; fileRef = D2D4291B2036340B00DEAE1A /* DBService.swift */; };
		D2D4291F2036347800DEAE1A /* DBService+Users.swift in Sources */ = {isa = PBXBuildFile; fileRef = D2D4291E2036347800DEAE1A /* DBService+Users.swift */; };
		D2D42921203634F100DEAE1A /* SwiftFlashCardUser.swift in Sources */ = {isa = PBXBuildFile; fileRef = D2D42920203634F100DEAE1A /* SwiftFlashCardUser.swift */; };
		DA733324E1470494B2785F3C /* Pods_SwiftFlashCards.framework in Frameworks */ = {isa = PBXBuildFile; fileRef = F640A6549BDB426DDB048AFF /* Pods_SwiftFlashCards.framework */; };
/* End PBXBuildFile section */

/* Begin PBXContainerItemProxy section */
		D27F7EEE2032335B00E61BE8 /* PBXContainerItemProxy */ = {
			isa = PBXContainerItemProxy;
			containerPortal = D27F7ED12032335B00E61BE8 /* Project object */;
			proxyType = 1;
			remoteGlobalIDString = D27F7ED82032335B00E61BE8;
			remoteInfo = SwiftFlashCards;
		};
		D27F7EF92032335C00E61BE8 /* PBXContainerItemProxy */ = {
			isa = PBXContainerItemProxy;
			containerPortal = D27F7ED12032335B00E61BE8 /* Project object */;
			proxyType = 1;
			remoteGlobalIDString = D27F7ED82032335B00E61BE8;
			remoteInfo = SwiftFlashCards;
		};
/* End PBXContainerItemProxy section */

/* Begin PBXFileReference section */
		303C77DD3D8B0FDAA7F80063 /* Pods-SwiftFlashCardsUITests.release.xcconfig */ = {isa = PBXFileReference; includeInIndex = 1; lastKnownFileType = text.xcconfig; name = "Pods-SwiftFlashCardsUITests.release.xcconfig"; path = "Pods/Target Support Files/Pods-SwiftFlashCardsUITests/Pods-SwiftFlashCardsUITests.release.xcconfig"; sourceTree = "<group>"; };
		769A6258A7695301D68A6520 /* Pods-SwiftFlashCardsUITests.debug.xcconfig */ = {isa = PBXFileReference; includeInIndex = 1; lastKnownFileType = text.xcconfig; name = "Pods-SwiftFlashCardsUITests.debug.xcconfig"; path = "Pods/Target Support Files/Pods-SwiftFlashCardsUITests/Pods-SwiftFlashCardsUITests.debug.xcconfig"; sourceTree = "<group>"; };
		834E858D3532846312C9462E /* Pods_SwiftFlashCardsTests.framework */ = {isa = PBXFileReference; explicitFileType = wrapper.framework; includeInIndex = 0; path = Pods_SwiftFlashCardsTests.framework; sourceTree = BUILT_PRODUCTS_DIR; };
		989DABD2EDE6A07B0971201B /* Pods-SwiftFlashCardsTests.debug.xcconfig */ = {isa = PBXFileReference; includeInIndex = 1; lastKnownFileType = text.xcconfig; name = "Pods-SwiftFlashCardsTests.debug.xcconfig"; path = "Pods/Target Support Files/Pods-SwiftFlashCardsTests/Pods-SwiftFlashCardsTests.debug.xcconfig"; sourceTree = "<group>"; };
		AA42597637D82DF73CDB95EA /* Pods-SwiftFlashCardsTests.release.xcconfig */ = {isa = PBXFileReference; includeInIndex = 1; lastKnownFileType = text.xcconfig; name = "Pods-SwiftFlashCardsTests.release.xcconfig"; path = "Pods/Target Support Files/Pods-SwiftFlashCardsTests/Pods-SwiftFlashCardsTests.release.xcconfig"; sourceTree = "<group>"; };
		D22F13852039210900F62A4C /* CategoriesViewController.swift */ = {isa = PBXFileReference; lastKnownFileType = sourcecode.swift; path = CategoriesViewController.swift; sourceTree = "<group>"; };
		D22F1387203922EC00F62A4C /* CategoriesView.swift */ = {isa = PBXFileReference; lastKnownFileType = sourcecode.swift; path = CategoriesView.swift; sourceTree = "<group>"; };
		D22F138C2039E73E00F62A4C /* Card.swift */ = {isa = PBXFileReference; lastKnownFileType = sourcecode.swift; path = Card.swift; sourceTree = "<group>"; };
		D22F138E2039E9EE00F62A4C /* DBService+Cards.swift */ = {isa = PBXFileReference; lastKnownFileType = sourcecode.swift; path = "DBService+Cards.swift"; sourceTree = "<group>"; };
		D22F1390203BDEE900F62A4C /* Category.swift */ = {isa = PBXFileReference; lastKnownFileType = sourcecode.swift; path = Category.swift; sourceTree = "<group>"; };
		D22F1392203BE0CE00F62A4C /* DBService+Categories.swift */ = {isa = PBXFileReference; lastKnownFileType = sourcecode.swift; path = "DBService+Categories.swift"; sourceTree = "<group>"; };
		D22F1394203CD2F000F62A4C /* CategoryTableViewCell.swift */ = {isa = PBXFileReference; lastKnownFileType = sourcecode.swift; path = CategoryTableViewCell.swift; sourceTree = "<group>"; };
		D22F1396203D060600F62A4C /* CardsViewController.swift */ = {isa = PBXFileReference; lastKnownFileType = sourcecode.swift; path = CardsViewController.swift; sourceTree = "<group>"; };
		D22F1398203D062500F62A4C /* CardsView.swift */ = {isa = PBXFileReference; lastKnownFileType = sourcecode.swift; path = CardsView.swift; sourceTree = "<group>"; };
		D22F139C203E1C4B00F62A4C /* CardCollectionViewCell.swift */ = {isa = PBXFileReference; lastKnownFileType = sourcecode.swift; path = CardCollectionViewCell.swift; sourceTree = "<group>"; };
		D27F7ED92032335B00E61BE8 /* SwiftFlashCards.app */ = {isa = PBXFileReference; explicitFileType = wrapper.application; includeInIndex = 0; path = SwiftFlashCards.app; sourceTree = BUILT_PRODUCTS_DIR; };
		D27F7EDC2032335B00E61BE8 /* AppDelegate.swift */ = {isa = PBXFileReference; lastKnownFileType = sourcecode.swift; path = AppDelegate.swift; sourceTree = "<group>"; };
		D27F7EDE2032335B00E61BE8 /* LoginViewController.swift */ = {isa = PBXFileReference; lastKnownFileType = sourcecode.swift; path = LoginViewController.swift; sourceTree = "<group>"; };
		D27F7EE32032335B00E61BE8 /* Assets.xcassets */ = {isa = PBXFileReference; lastKnownFileType = folder.assetcatalog; path = Assets.xcassets; sourceTree = "<group>"; };
		D27F7EE62032335B00E61BE8 /* Base */ = {isa = PBXFileReference; lastKnownFileType = file.storyboard; name = Base; path = Base.lproj/LaunchScreen.storyboard; sourceTree = "<group>"; };
		D27F7EE82032335B00E61BE8 /* Info.plist */ = {isa = PBXFileReference; lastKnownFileType = text.plist.xml; path = Info.plist; sourceTree = "<group>"; };
		D27F7EED2032335B00E61BE8 /* SwiftFlashCardsTests.xctest */ = {isa = PBXFileReference; explicitFileType = wrapper.cfbundle; includeInIndex = 0; path = SwiftFlashCardsTests.xctest; sourceTree = BUILT_PRODUCTS_DIR; };
		D27F7EF12032335B00E61BE8 /* SwiftFlashCardsTests.swift */ = {isa = PBXFileReference; lastKnownFileType = sourcecode.swift; path = SwiftFlashCardsTests.swift; sourceTree = "<group>"; };
		D27F7EF32032335C00E61BE8 /* Info.plist */ = {isa = PBXFileReference; lastKnownFileType = text.plist.xml; path = Info.plist; sourceTree = "<group>"; };
		D27F7EF82032335C00E61BE8 /* SwiftFlashCardsUITests.xctest */ = {isa = PBXFileReference; explicitFileType = wrapper.cfbundle; includeInIndex = 0; path = SwiftFlashCardsUITests.xctest; sourceTree = BUILT_PRODUCTS_DIR; };
		D27F7EFC2032335C00E61BE8 /* SwiftFlashCardsUITests.swift */ = {isa = PBXFileReference; lastKnownFileType = sourcecode.swift; path = SwiftFlashCardsUITests.swift; sourceTree = "<group>"; };
		D27F7EFE2032335C00E61BE8 /* Info.plist */ = {isa = PBXFileReference; lastKnownFileType = text.plist.xml; path = Info.plist; sourceTree = "<group>"; };
		D29D92FA2032370C00B9BC31 /* LoginView.swift */ = {isa = PBXFileReference; lastKnownFileType = sourcecode.swift; path = LoginView.swift; sourceTree = "<group>"; };
		D2D4291520362FC300DEAE1A /* GoogleService-Info.plist */ = {isa = PBXFileReference; fileEncoding = 4; lastKnownFileType = text.plist.xml; path = "GoogleService-Info.plist"; sourceTree = SOURCE_ROOT; };
		D2D42917203632EF00DEAE1A /* AuthUserService.swift */ = {isa = PBXFileReference; lastKnownFileType = sourcecode.swift; path = AuthUserService.swift; sourceTree = "<group>"; };
		D2D4291B2036340B00DEAE1A /* DBService.swift */ = {isa = PBXFileReference; lastKnownFileType = sourcecode.swift; path = DBService.swift; sourceTree = "<group>"; };
		D2D4291E2036347800DEAE1A /* DBService+Users.swift */ = {isa = PBXFileReference; lastKnownFileType = sourcecode.swift; path = "DBService+Users.swift"; sourceTree = "<group>"; };
		D2D42920203634F100DEAE1A /* SwiftFlashCardUser.swift */ = {isa = PBXFileReference; lastKnownFileType = sourcecode.swift; path = SwiftFlashCardUser.swift; sourceTree = "<group>"; };
		D80570F793DF79F218E2F070 /* Pods-SwiftFlashCards.release.xcconfig */ = {isa = PBXFileReference; includeInIndex = 1; lastKnownFileType = text.xcconfig; name = "Pods-SwiftFlashCards.release.xcconfig"; path = "Pods/Target Support Files/Pods-SwiftFlashCards/Pods-SwiftFlashCards.release.xcconfig"; sourceTree = "<group>"; };
		F640A6549BDB426DDB048AFF /* Pods_SwiftFlashCards.framework */ = {isa = PBXFileReference; explicitFileType = wrapper.framework; includeInIndex = 0; path = Pods_SwiftFlashCards.framework; sourceTree = BUILT_PRODUCTS_DIR; };
		FCDD7C7BDFD683534A5A5C53 /* Pods_SwiftFlashCardsUITests.framework */ = {isa = PBXFileReference; explicitFileType = wrapper.framework; includeInIndex = 0; path = Pods_SwiftFlashCardsUITests.framework; sourceTree = BUILT_PRODUCTS_DIR; };
		FD5856FAD200123A12D763BA /* Pods-SwiftFlashCards.debug.xcconfig */ = {isa = PBXFileReference; includeInIndex = 1; lastKnownFileType = text.xcconfig; name = "Pods-SwiftFlashCards.debug.xcconfig"; path = "Pods/Target Support Files/Pods-SwiftFlashCards/Pods-SwiftFlashCards.debug.xcconfig"; sourceTree = "<group>"; };
/* End PBXFileReference section */

/* Begin PBXFrameworksBuildPhase section */
		D27F7ED62032335B00E61BE8 /* Frameworks */ = {
			isa = PBXFrameworksBuildPhase;
			buildActionMask = 2147483647;
			files = (
				DA733324E1470494B2785F3C /* Pods_SwiftFlashCards.framework in Frameworks */,
			);
			runOnlyForDeploymentPostprocessing = 0;
		};
		D27F7EEA2032335B00E61BE8 /* Frameworks */ = {
			isa = PBXFrameworksBuildPhase;
			buildActionMask = 2147483647;
			files = (
				90BC025CD3E8D73B1D7E1A76 /* Pods_SwiftFlashCardsTests.framework in Frameworks */,
			);
			runOnlyForDeploymentPostprocessing = 0;
		};
		D27F7EF52032335C00E61BE8 /* Frameworks */ = {
			isa = PBXFrameworksBuildPhase;
			buildActionMask = 2147483647;
			files = (
				B5585F895CF642039DED6AD7 /* Pods_SwiftFlashCardsUITests.framework in Frameworks */,
			);
			runOnlyForDeploymentPostprocessing = 0;
		};
/* End PBXFrameworksBuildPhase section */

/* Begin PBXGroup section */
		95D451DBDC1EA26DC67E2504 /* Frameworks */ = {
			isa = PBXGroup;
			children = (
				F640A6549BDB426DDB048AFF /* Pods_SwiftFlashCards.framework */,
				834E858D3532846312C9462E /* Pods_SwiftFlashCardsTests.framework */,
				FCDD7C7BDFD683534A5A5C53 /* Pods_SwiftFlashCardsUITests.framework */,
			);
			name = Frameworks;
			sourceTree = "<group>";
		};
		D22F138B2039E6E700F62A4C /* Models */ = {
			isa = PBXGroup;
			children = (
				D2D42920203634F100DEAE1A /* SwiftFlashCardUser.swift */,
				D22F138C2039E73E00F62A4C /* Card.swift */,
				D22F1390203BDEE900F62A4C /* Category.swift */,
			);
			path = Models;
			sourceTree = "<group>";
		};
		D27F7ED02032335B00E61BE8 = {
			isa = PBXGroup;
			children = (
				D27F7EDB2032335B00E61BE8 /* SwiftFlashCards */,
				D27F7EF02032335B00E61BE8 /* SwiftFlashCardsTests */,
				D27F7EFB2032335C00E61BE8 /* SwiftFlashCardsUITests */,
				D27F7EDA2032335B00E61BE8 /* Products */,
				EFD5EE671D73BD0FA941AF9D /* Pods */,
				95D451DBDC1EA26DC67E2504 /* Frameworks */,
			);
			sourceTree = "<group>";
		};
		D27F7EDA2032335B00E61BE8 /* Products */ = {
			isa = PBXGroup;
			children = (
				D27F7ED92032335B00E61BE8 /* SwiftFlashCards.app */,
				D27F7EED2032335B00E61BE8 /* SwiftFlashCardsTests.xctest */,
				D27F7EF82032335C00E61BE8 /* SwiftFlashCardsUITests.xctest */,
			);
			name = Products;
			sourceTree = "<group>";
		};
		D27F7EDB2032335B00E61BE8 /* SwiftFlashCards */ = {
			isa = PBXGroup;
			children = (
				D2D4291D2036341900DEAE1A /* Database */,
				D22F138B2039E6E700F62A4C /* Models */,
				D29D92FC2032375100B9BC31 /* Views */,
				D27F7F0B203233BC00E61BE8 /* View Controllers */,
				D27F7F0A203233AA00E61BE8 /* Supporting Files */,
				D27F7EE82032335B00E61BE8 /* Info.plist */,
				D2D4291520362FC300DEAE1A /* GoogleService-Info.plist */,
			);
			path = SwiftFlashCards;
			sourceTree = "<group>";
		};
		D27F7EF02032335B00E61BE8 /* SwiftFlashCardsTests */ = {
			isa = PBXGroup;
			children = (
				D27F7EF12032335B00E61BE8 /* SwiftFlashCardsTests.swift */,
				D27F7EF32032335C00E61BE8 /* Info.plist */,
			);
			path = SwiftFlashCardsTests;
			sourceTree = "<group>";
		};
		D27F7EFB2032335C00E61BE8 /* SwiftFlashCardsUITests */ = {
			isa = PBXGroup;
			children = (
				D27F7EFC2032335C00E61BE8 /* SwiftFlashCardsUITests.swift */,
				D27F7EFE2032335C00E61BE8 /* Info.plist */,
			);
			path = SwiftFlashCardsUITests;
			sourceTree = "<group>";
		};
		D27F7F0A203233AA00E61BE8 /* Supporting Files */ = {
			isa = PBXGroup;
			children = (
				D27F7EDC2032335B00E61BE8 /* AppDelegate.swift */,
				D27F7EE32032335B00E61BE8 /* Assets.xcassets */,
				D27F7EE52032335B00E61BE8 /* LaunchScreen.storyboard */,
			);
			path = "Supporting Files";
			sourceTree = "<group>";
		};
		D27F7F0B203233BC00E61BE8 /* View Controllers */ = {
			isa = PBXGroup;
			children = (
				D27F7EDE2032335B00E61BE8 /* LoginViewController.swift */,
				D2D42917203632EF00DEAE1A /* AuthUserService.swift */,
				D22F13852039210900F62A4C /* CategoriesViewController.swift */,
				D22F1396203D060600F62A4C /* CardsViewController.swift */,
			);
			path = "View Controllers";
			sourceTree = "<group>";
		};
		D29D92FC2032375100B9BC31 /* Views */ = {
			isa = PBXGroup;
			children = (
				D29D92FA2032370C00B9BC31 /* LoginView.swift */,
				D22F1387203922EC00F62A4C /* CategoriesView.swift */,
				D22F1394203CD2F000F62A4C /* CategoryTableViewCell.swift */,
				D22F1398203D062500F62A4C /* CardsView.swift */,
				D22F139C203E1C4B00F62A4C /* CardCollectionViewCell.swift */,
			);
			path = Views;
			sourceTree = "<group>";
		};
		D2D4291D2036341900DEAE1A /* Database */ = {
			isa = PBXGroup;
			children = (
				D2D4291B2036340B00DEAE1A /* DBService.swift */,
				D2D4291E2036347800DEAE1A /* DBService+Users.swift */,
				D22F138E2039E9EE00F62A4C /* DBService+Cards.swift */,
				D22F1392203BE0CE00F62A4C /* DBService+Categories.swift */,
			);
			path = Database;
			sourceTree = "<group>";
		};
		EFD5EE671D73BD0FA941AF9D /* Pods */ = {
			isa = PBXGroup;
			children = (
				FD5856FAD200123A12D763BA /* Pods-SwiftFlashCards.debug.xcconfig */,
				D80570F793DF79F218E2F070 /* Pods-SwiftFlashCards.release.xcconfig */,
				989DABD2EDE6A07B0971201B /* Pods-SwiftFlashCardsTests.debug.xcconfig */,
				AA42597637D82DF73CDB95EA /* Pods-SwiftFlashCardsTests.release.xcconfig */,
				769A6258A7695301D68A6520 /* Pods-SwiftFlashCardsUITests.debug.xcconfig */,
				303C77DD3D8B0FDAA7F80063 /* Pods-SwiftFlashCardsUITests.release.xcconfig */,
			);
			name = Pods;
			sourceTree = "<group>";
		};
/* End PBXGroup section */

/* Begin PBXNativeTarget section */
		D27F7ED82032335B00E61BE8 /* SwiftFlashCards */ = {
			isa = PBXNativeTarget;
			buildConfigurationList = D27F7F012032335C00E61BE8 /* Build configuration list for PBXNativeTarget "SwiftFlashCards" */;
			buildPhases = (
				BDDE5DBCF5D5D252268D2439 /* [CP] Check Pods Manifest.lock */,
				D27F7ED52032335B00E61BE8 /* Sources */,
				D27F7ED62032335B00E61BE8 /* Frameworks */,
				D27F7ED72032335B00E61BE8 /* Resources */,
				DEA282808FF4DA5AB768CA36 /* [CP] Embed Pods Frameworks */,
				565ADE11821F627B278FFCF5 /* [CP] Copy Pods Resources */,
			);
			buildRules = (
			);
			dependencies = (
			);
			name = SwiftFlashCards;
			productName = SwiftFlashCards;
			productReference = D27F7ED92032335B00E61BE8 /* SwiftFlashCards.app */;
			productType = "com.apple.product-type.application";
		};
		D27F7EEC2032335B00E61BE8 /* SwiftFlashCardsTests */ = {
			isa = PBXNativeTarget;
			buildConfigurationList = D27F7F042032335C00E61BE8 /* Build configuration list for PBXNativeTarget "SwiftFlashCardsTests" */;
			buildPhases = (
				B7DF9484A8659AC7E71AB452 /* [CP] Check Pods Manifest.lock */,
				D27F7EE92032335B00E61BE8 /* Sources */,
				D27F7EEA2032335B00E61BE8 /* Frameworks */,
				D27F7EEB2032335B00E61BE8 /* Resources */,
				18712BDAF016E9931F7BEEC7 /* [CP] Embed Pods Frameworks */,
				66CACB9759D47341A3970700 /* [CP] Copy Pods Resources */,
			);
			buildRules = (
			);
			dependencies = (
				D27F7EEF2032335B00E61BE8 /* PBXTargetDependency */,
			);
			name = SwiftFlashCardsTests;
			productName = SwiftFlashCardsTests;
			productReference = D27F7EED2032335B00E61BE8 /* SwiftFlashCardsTests.xctest */;
			productType = "com.apple.product-type.bundle.unit-test";
		};
		D27F7EF72032335C00E61BE8 /* SwiftFlashCardsUITests */ = {
			isa = PBXNativeTarget;
			buildConfigurationList = D27F7F072032335C00E61BE8 /* Build configuration list for PBXNativeTarget "SwiftFlashCardsUITests" */;
			buildPhases = (
				DA3653CDFF5C372C926266CE /* [CP] Check Pods Manifest.lock */,
				D27F7EF42032335C00E61BE8 /* Sources */,
				D27F7EF52032335C00E61BE8 /* Frameworks */,
				D27F7EF62032335C00E61BE8 /* Resources */,
				58C354AD2D362229D1A46FAD /* [CP] Embed Pods Frameworks */,
				936FA6334B9702722109A20D /* [CP] Copy Pods Resources */,
			);
			buildRules = (
			);
			dependencies = (
				D27F7EFA2032335C00E61BE8 /* PBXTargetDependency */,
			);
			name = SwiftFlashCardsUITests;
			productName = SwiftFlashCardsUITests;
			productReference = D27F7EF82032335C00E61BE8 /* SwiftFlashCardsUITests.xctest */;
			productType = "com.apple.product-type.bundle.ui-testing";
		};
/* End PBXNativeTarget section */

/* Begin PBXProject section */
		D27F7ED12032335B00E61BE8 /* Project object */ = {
			isa = PBXProject;
			attributes = {
				LastSwiftUpdateCheck = 0920;
				LastUpgradeCheck = 0920;
				ORGANIZATIONNAME = "Lisa J";
				TargetAttributes = {
					D27F7ED82032335B00E61BE8 = {
						CreatedOnToolsVersion = 9.2;
						ProvisioningStyle = Automatic;
					};
					D27F7EEC2032335B00E61BE8 = {
						CreatedOnToolsVersion = 9.2;
						ProvisioningStyle = Automatic;
						TestTargetID = D27F7ED82032335B00E61BE8;
					};
					D27F7EF72032335C00E61BE8 = {
						CreatedOnToolsVersion = 9.2;
						ProvisioningStyle = Automatic;
						TestTargetID = D27F7ED82032335B00E61BE8;
					};
				};
			};
			buildConfigurationList = D27F7ED42032335B00E61BE8 /* Build configuration list for PBXProject "SwiftFlashCards" */;
			compatibilityVersion = "Xcode 8.0";
			developmentRegion = en;
			hasScannedForEncodings = 0;
			knownRegions = (
				en,
				Base,
			);
			mainGroup = D27F7ED02032335B00E61BE8;
			productRefGroup = D27F7EDA2032335B00E61BE8 /* Products */;
			projectDirPath = "";
			projectRoot = "";
			targets = (
				D27F7ED82032335B00E61BE8 /* SwiftFlashCards */,
				D27F7EEC2032335B00E61BE8 /* SwiftFlashCardsTests */,
				D27F7EF72032335C00E61BE8 /* SwiftFlashCardsUITests */,
			);
		};
/* End PBXProject section */

/* Begin PBXResourcesBuildPhase section */
		D27F7ED72032335B00E61BE8 /* Resources */ = {
			isa = PBXResourcesBuildPhase;
			buildActionMask = 2147483647;
			files = (
				D27F7EE72032335B00E61BE8 /* LaunchScreen.storyboard in Resources */,
				D27F7EE42032335B00E61BE8 /* Assets.xcassets in Resources */,
				D2D4291620362FC300DEAE1A /* GoogleService-Info.plist in Resources */,
			);
			runOnlyForDeploymentPostprocessing = 0;
		};
		D27F7EEB2032335B00E61BE8 /* Resources */ = {
			isa = PBXResourcesBuildPhase;
			buildActionMask = 2147483647;
			files = (
			);
			runOnlyForDeploymentPostprocessing = 0;
		};
		D27F7EF62032335C00E61BE8 /* Resources */ = {
			isa = PBXResourcesBuildPhase;
			buildActionMask = 2147483647;
			files = (
			);
			runOnlyForDeploymentPostprocessing = 0;
		};
/* End PBXResourcesBuildPhase section */

/* Begin PBXShellScriptBuildPhase section */
		18712BDAF016E9931F7BEEC7 /* [CP] Embed Pods Frameworks */ = {
			isa = PBXShellScriptBuildPhase;
			buildActionMask = 2147483647;
			files = (
			);
			inputPaths = (
			);
			name = "[CP] Embed Pods Frameworks";
			outputPaths = (
			);
			runOnlyForDeploymentPostprocessing = 0;
			shellPath = /bin/sh;
			shellScript = "\"${SRCROOT}/Pods/Target Support Files/Pods-SwiftFlashCardsTests/Pods-SwiftFlashCardsTests-frameworks.sh\"\n";
			showEnvVarsInLog = 0;
		};
		565ADE11821F627B278FFCF5 /* [CP] Copy Pods Resources */ = {
			isa = PBXShellScriptBuildPhase;
			buildActionMask = 2147483647;
			files = (
			);
			inputPaths = (
			);
			name = "[CP] Copy Pods Resources";
			outputPaths = (
			);
			runOnlyForDeploymentPostprocessing = 0;
			shellPath = /bin/sh;
			shellScript = "\"${SRCROOT}/Pods/Target Support Files/Pods-SwiftFlashCards/Pods-SwiftFlashCards-resources.sh\"\n";
			showEnvVarsInLog = 0;
		};
		58C354AD2D362229D1A46FAD /* [CP] Embed Pods Frameworks */ = {
			isa = PBXShellScriptBuildPhase;
			buildActionMask = 2147483647;
			files = (
			);
			inputPaths = (
			);
			name = "[CP] Embed Pods Frameworks";
			outputPaths = (
			);
			runOnlyForDeploymentPostprocessing = 0;
			shellPath = /bin/sh;
			shellScript = "\"${SRCROOT}/Pods/Target Support Files/Pods-SwiftFlashCardsUITests/Pods-SwiftFlashCardsUITests-frameworks.sh\"\n";
			showEnvVarsInLog = 0;
		};
		66CACB9759D47341A3970700 /* [CP] Copy Pods Resources */ = {
			isa = PBXShellScriptBuildPhase;
			buildActionMask = 2147483647;
			files = (
			);
			inputPaths = (
			);
			name = "[CP] Copy Pods Resources";
			outputPaths = (
			);
			runOnlyForDeploymentPostprocessing = 0;
			shellPath = /bin/sh;
			shellScript = "\"${SRCROOT}/Pods/Target Support Files/Pods-SwiftFlashCardsTests/Pods-SwiftFlashCardsTests-resources.sh\"\n";
			showEnvVarsInLog = 0;
		};
		936FA6334B9702722109A20D /* [CP] Copy Pods Resources */ = {
			isa = PBXShellScriptBuildPhase;
			buildActionMask = 2147483647;
			files = (
			);
			inputPaths = (
			);
			name = "[CP] Copy Pods Resources";
			outputPaths = (
			);
			runOnlyForDeploymentPostprocessing = 0;
			shellPath = /bin/sh;
			shellScript = "\"${SRCROOT}/Pods/Target Support Files/Pods-SwiftFlashCardsUITests/Pods-SwiftFlashCardsUITests-resources.sh\"\n";
			showEnvVarsInLog = 0;
		};
		B7DF9484A8659AC7E71AB452 /* [CP] Check Pods Manifest.lock */ = {
			isa = PBXShellScriptBuildPhase;
			buildActionMask = 2147483647;
			files = (
			);
			inputPaths = (
				"${PODS_PODFILE_DIR_PATH}/Podfile.lock",
				"${PODS_ROOT}/Manifest.lock",
			);
			name = "[CP] Check Pods Manifest.lock";
			outputPaths = (
				"$(DERIVED_FILE_DIR)/Pods-SwiftFlashCardsTests-checkManifestLockResult.txt",
			);
			runOnlyForDeploymentPostprocessing = 0;
			shellPath = /bin/sh;
			shellScript = "diff \"${PODS_PODFILE_DIR_PATH}/Podfile.lock\" \"${PODS_ROOT}/Manifest.lock\" > /dev/null\nif [ $? != 0 ] ; then\n    # print error to STDERR\n    echo \"error: The sandbox is not in sync with the Podfile.lock. Run 'pod install' or update your CocoaPods installation.\" >&2\n    exit 1\nfi\n# This output is used by Xcode 'outputs' to avoid re-running this script phase.\necho \"SUCCESS\" > \"${SCRIPT_OUTPUT_FILE_0}\"\n";
			showEnvVarsInLog = 0;
		};
		BDDE5DBCF5D5D252268D2439 /* [CP] Check Pods Manifest.lock */ = {
			isa = PBXShellScriptBuildPhase;
			buildActionMask = 2147483647;
			files = (
			);
			inputPaths = (
				"${PODS_PODFILE_DIR_PATH}/Podfile.lock",
				"${PODS_ROOT}/Manifest.lock",
			);
			name = "[CP] Check Pods Manifest.lock";
			outputPaths = (
				"$(DERIVED_FILE_DIR)/Pods-SwiftFlashCards-checkManifestLockResult.txt",
			);
			runOnlyForDeploymentPostprocessing = 0;
			shellPath = /bin/sh;
			shellScript = "diff \"${PODS_PODFILE_DIR_PATH}/Podfile.lock\" \"${PODS_ROOT}/Manifest.lock\" > /dev/null\nif [ $? != 0 ] ; then\n    # print error to STDERR\n    echo \"error: The sandbox is not in sync with the Podfile.lock. Run 'pod install' or update your CocoaPods installation.\" >&2\n    exit 1\nfi\n# This output is used by Xcode 'outputs' to avoid re-running this script phase.\necho \"SUCCESS\" > \"${SCRIPT_OUTPUT_FILE_0}\"\n";
			showEnvVarsInLog = 0;
		};
		DA3653CDFF5C372C926266CE /* [CP] Check Pods Manifest.lock */ = {
			isa = PBXShellScriptBuildPhase;
			buildActionMask = 2147483647;
			files = (
			);
			inputPaths = (
				"${PODS_PODFILE_DIR_PATH}/Podfile.lock",
				"${PODS_ROOT}/Manifest.lock",
			);
			name = "[CP] Check Pods Manifest.lock";
			outputPaths = (
				"$(DERIVED_FILE_DIR)/Pods-SwiftFlashCardsUITests-checkManifestLockResult.txt",
			);
			runOnlyForDeploymentPostprocessing = 0;
			shellPath = /bin/sh;
			shellScript = "diff \"${PODS_PODFILE_DIR_PATH}/Podfile.lock\" \"${PODS_ROOT}/Manifest.lock\" > /dev/null\nif [ $? != 0 ] ; then\n    # print error to STDERR\n    echo \"error: The sandbox is not in sync with the Podfile.lock. Run 'pod install' or update your CocoaPods installation.\" >&2\n    exit 1\nfi\n# This output is used by Xcode 'outputs' to avoid re-running this script phase.\necho \"SUCCESS\" > \"${SCRIPT_OUTPUT_FILE_0}\"\n";
			showEnvVarsInLog = 0;
		};
		DEA282808FF4DA5AB768CA36 /* [CP] Embed Pods Frameworks */ = {
			isa = PBXShellScriptBuildPhase;
			buildActionMask = 2147483647;
			files = (
			);
			inputPaths = (
				"${SRCROOT}/Pods/Target Support Files/Pods-SwiftFlashCards/Pods-SwiftFlashCards-frameworks.sh",
				"${BUILT_PRODUCTS_DIR}/GTMSessionFetcher/GTMSessionFetcher.framework",
				"${BUILT_PRODUCTS_DIR}/GoogleToolboxForMac/GoogleToolboxForMac.framework",
				"${BUILT_PRODUCTS_DIR}/leveldb-library/leveldb.framework",
				"${BUILT_PRODUCTS_DIR}/nanopb/nanopb.framework",
			);
			name = "[CP] Embed Pods Frameworks";
			outputPaths = (
				"${TARGET_BUILD_DIR}/${FRAMEWORKS_FOLDER_PATH}/GTMSessionFetcher.framework",
				"${TARGET_BUILD_DIR}/${FRAMEWORKS_FOLDER_PATH}/GoogleToolboxForMac.framework",
				"${TARGET_BUILD_DIR}/${FRAMEWORKS_FOLDER_PATH}/leveldb.framework",
				"${TARGET_BUILD_DIR}/${FRAMEWORKS_FOLDER_PATH}/nanopb.framework",
			);
			runOnlyForDeploymentPostprocessing = 0;
			shellPath = /bin/sh;
			shellScript = "\"${SRCROOT}/Pods/Target Support Files/Pods-SwiftFlashCards/Pods-SwiftFlashCards-frameworks.sh\"\n";
			showEnvVarsInLog = 0;
		};
/* End PBXShellScriptBuildPhase section */

/* Begin PBXSourcesBuildPhase section */
		D27F7ED52032335B00E61BE8 /* Sources */ = {
			isa = PBXSourcesBuildPhase;
			buildActionMask = 2147483647;
			files = (
				D2D4291F2036347800DEAE1A /* DBService+Users.swift in Sources */,
				D29D92FB2032370C00B9BC31 /* LoginView.swift in Sources */,
				D22F1399203D062500F62A4C /* CardsView.swift in Sources */,
				D22F1397203D060600F62A4C /* CardsViewController.swift in Sources */,
				D22F1393203BE0CE00F62A4C /* DBService+Categories.swift in Sources */,
				D2D4291C2036340B00DEAE1A /* DBService.swift in Sources */,
				D2D42921203634F100DEAE1A /* SwiftFlashCardUser.swift in Sources */,
				D27F7EDF2032335B00E61BE8 /* LoginViewController.swift in Sources */,
				D22F139D203E1C4B00F62A4C /* CardCollectionViewCell.swift in Sources */,
				D22F138F2039E9EE00F62A4C /* DBService+Cards.swift in Sources */,
				D22F1388203922EC00F62A4C /* CategoriesView.swift in Sources */,
				D2D42918203632EF00DEAE1A /* AuthUserService.swift in Sources */,
				D22F138D2039E73E00F62A4C /* Card.swift in Sources */,
				D22F13862039210900F62A4C /* CategoriesViewController.swift in Sources */,
				D22F1395203CD2F000F62A4C /* CategoryTableViewCell.swift in Sources */,
				D27F7EDD2032335B00E61BE8 /* AppDelegate.swift in Sources */,
				D22F1391203BDEE900F62A4C /* Category.swift in Sources */,
			);
			runOnlyForDeploymentPostprocessing = 0;
		};
		D27F7EE92032335B00E61BE8 /* Sources */ = {
			isa = PBXSourcesBuildPhase;
			buildActionMask = 2147483647;
			files = (
				D27F7EF22032335B00E61BE8 /* SwiftFlashCardsTests.swift in Sources */,
			);
			runOnlyForDeploymentPostprocessing = 0;
		};
		D27F7EF42032335C00E61BE8 /* Sources */ = {
			isa = PBXSourcesBuildPhase;
			buildActionMask = 2147483647;
			files = (
				D27F7EFD2032335C00E61BE8 /* SwiftFlashCardsUITests.swift in Sources */,
			);
			runOnlyForDeploymentPostprocessing = 0;
		};
/* End PBXSourcesBuildPhase section */

/* Begin PBXTargetDependency section */
		D27F7EEF2032335B00E61BE8 /* PBXTargetDependency */ = {
			isa = PBXTargetDependency;
			target = D27F7ED82032335B00E61BE8 /* SwiftFlashCards */;
			targetProxy = D27F7EEE2032335B00E61BE8 /* PBXContainerItemProxy */;
		};
		D27F7EFA2032335C00E61BE8 /* PBXTargetDependency */ = {
			isa = PBXTargetDependency;
			target = D27F7ED82032335B00E61BE8 /* SwiftFlashCards */;
			targetProxy = D27F7EF92032335C00E61BE8 /* PBXContainerItemProxy */;
		};
/* End PBXTargetDependency section */

/* Begin PBXVariantGroup section */
		D27F7EE52032335B00E61BE8 /* LaunchScreen.storyboard */ = {
			isa = PBXVariantGroup;
			children = (
				D27F7EE62032335B00E61BE8 /* Base */,
			);
			name = LaunchScreen.storyboard;
			sourceTree = "<group>";
		};
/* End PBXVariantGroup section */

/* Begin XCBuildConfiguration section */
		D27F7EFF2032335C00E61BE8 /* Debug */ = {
			isa = XCBuildConfiguration;
			buildSettings = {
				ALWAYS_SEARCH_USER_PATHS = NO;
				CLANG_ANALYZER_NONNULL = YES;
				CLANG_ANALYZER_NUMBER_OBJECT_CONVERSION = YES_AGGRESSIVE;
				CLANG_CXX_LANGUAGE_STANDARD = "gnu++14";
				CLANG_CXX_LIBRARY = "libc++";
				CLANG_ENABLE_MODULES = YES;
				CLANG_ENABLE_OBJC_ARC = YES;
				CLANG_WARN_BLOCK_CAPTURE_AUTORELEASING = YES;
				CLANG_WARN_BOOL_CONVERSION = YES;
				CLANG_WARN_COMMA = YES;
				CLANG_WARN_CONSTANT_CONVERSION = YES;
				CLANG_WARN_DIRECT_OBJC_ISA_USAGE = YES_ERROR;
				CLANG_WARN_DOCUMENTATION_COMMENTS = YES;
				CLANG_WARN_EMPTY_BODY = YES;
				CLANG_WARN_ENUM_CONVERSION = YES;
				CLANG_WARN_INFINITE_RECURSION = YES;
				CLANG_WARN_INT_CONVERSION = YES;
				CLANG_WARN_NON_LITERAL_NULL_CONVERSION = YES;
				CLANG_WARN_OBJC_LITERAL_CONVERSION = YES;
				CLANG_WARN_OBJC_ROOT_CLASS = YES_ERROR;
				CLANG_WARN_RANGE_LOOP_ANALYSIS = YES;
				CLANG_WARN_STRICT_PROTOTYPES = YES;
				CLANG_WARN_SUSPICIOUS_MOVE = YES;
				CLANG_WARN_UNGUARDED_AVAILABILITY = YES_AGGRESSIVE;
				CLANG_WARN_UNREACHABLE_CODE = YES;
				CLANG_WARN__DUPLICATE_METHOD_MATCH = YES;
				CODE_SIGN_IDENTITY = "iPhone Developer";
				COPY_PHASE_STRIP = NO;
				DEBUG_INFORMATION_FORMAT = dwarf;
				ENABLE_STRICT_OBJC_MSGSEND = YES;
				ENABLE_TESTABILITY = YES;
				GCC_C_LANGUAGE_STANDARD = gnu11;
				GCC_DYNAMIC_NO_PIC = NO;
				GCC_NO_COMMON_BLOCKS = YES;
				GCC_OPTIMIZATION_LEVEL = 0;
				GCC_PREPROCESSOR_DEFINITIONS = (
					"DEBUG=1",
					"$(inherited)",
				);
				GCC_WARN_64_TO_32_BIT_CONVERSION = YES;
				GCC_WARN_ABOUT_RETURN_TYPE = YES_ERROR;
				GCC_WARN_UNDECLARED_SELECTOR = YES;
				GCC_WARN_UNINITIALIZED_AUTOS = YES_AGGRESSIVE;
				GCC_WARN_UNUSED_FUNCTION = YES;
				GCC_WARN_UNUSED_VARIABLE = YES;
				IPHONEOS_DEPLOYMENT_TARGET = 11.2;
				MTL_ENABLE_DEBUG_INFO = YES;
				ONLY_ACTIVE_ARCH = YES;
				SDKROOT = iphoneos;
				SWIFT_ACTIVE_COMPILATION_CONDITIONS = DEBUG;
				SWIFT_OPTIMIZATION_LEVEL = "-Onone";
			};
			name = Debug;
		};
		D27F7F002032335C00E61BE8 /* Release */ = {
			isa = XCBuildConfiguration;
			buildSettings = {
				ALWAYS_SEARCH_USER_PATHS = NO;
				CLANG_ANALYZER_NONNULL = YES;
				CLANG_ANALYZER_NUMBER_OBJECT_CONVERSION = YES_AGGRESSIVE;
				CLANG_CXX_LANGUAGE_STANDARD = "gnu++14";
				CLANG_CXX_LIBRARY = "libc++";
				CLANG_ENABLE_MODULES = YES;
				CLANG_ENABLE_OBJC_ARC = YES;
				CLANG_WARN_BLOCK_CAPTURE_AUTORELEASING = YES;
				CLANG_WARN_BOOL_CONVERSION = YES;
				CLANG_WARN_COMMA = YES;
				CLANG_WARN_CONSTANT_CONVERSION = YES;
				CLANG_WARN_DIRECT_OBJC_ISA_USAGE = YES_ERROR;
				CLANG_WARN_DOCUMENTATION_COMMENTS = YES;
				CLANG_WARN_EMPTY_BODY = YES;
				CLANG_WARN_ENUM_CONVERSION = YES;
				CLANG_WARN_INFINITE_RECURSION = YES;
				CLANG_WARN_INT_CONVERSION = YES;
				CLANG_WARN_NON_LITERAL_NULL_CONVERSION = YES;
				CLANG_WARN_OBJC_LITERAL_CONVERSION = YES;
				CLANG_WARN_OBJC_ROOT_CLASS = YES_ERROR;
				CLANG_WARN_RANGE_LOOP_ANALYSIS = YES;
				CLANG_WARN_STRICT_PROTOTYPES = YES;
				CLANG_WARN_SUSPICIOUS_MOVE = YES;
				CLANG_WARN_UNGUARDED_AVAILABILITY = YES_AGGRESSIVE;
				CLANG_WARN_UNREACHABLE_CODE = YES;
				CLANG_WARN__DUPLICATE_METHOD_MATCH = YES;
				CODE_SIGN_IDENTITY = "iPhone Developer";
				COPY_PHASE_STRIP = NO;
				DEBUG_INFORMATION_FORMAT = "dwarf-with-dsym";
				ENABLE_NS_ASSERTIONS = NO;
				ENABLE_STRICT_OBJC_MSGSEND = YES;
				GCC_C_LANGUAGE_STANDARD = gnu11;
				GCC_NO_COMMON_BLOCKS = YES;
				GCC_WARN_64_TO_32_BIT_CONVERSION = YES;
				GCC_WARN_ABOUT_RETURN_TYPE = YES_ERROR;
				GCC_WARN_UNDECLARED_SELECTOR = YES;
				GCC_WARN_UNINITIALIZED_AUTOS = YES_AGGRESSIVE;
				GCC_WARN_UNUSED_FUNCTION = YES;
				GCC_WARN_UNUSED_VARIABLE = YES;
				IPHONEOS_DEPLOYMENT_TARGET = 11.2;
				MTL_ENABLE_DEBUG_INFO = NO;
				SDKROOT = iphoneos;
				SWIFT_OPTIMIZATION_LEVEL = "-Owholemodule";
				VALIDATE_PRODUCT = YES;
			};
			name = Release;
		};
		D27F7F022032335C00E61BE8 /* Debug */ = {
			isa = XCBuildConfiguration;
			baseConfigurationReference = FD5856FAD200123A12D763BA /* Pods-SwiftFlashCards.debug.xcconfig */;
			buildSettings = {
				ASSETCATALOG_COMPILER_APPICON_NAME = AppIcon;
				CODE_SIGN_STYLE = Automatic;
				INFOPLIST_FILE = SwiftFlashCards/Info.plist;
				LD_RUNPATH_SEARCH_PATHS = "$(inherited) @executable_path/Frameworks";
				PRODUCT_BUNDLE_IDENTIFIER = "lisa-j.SwiftFlashCards";
				PRODUCT_NAME = "$(TARGET_NAME)";
				SWIFT_VERSION = 4.0;
				TARGETED_DEVICE_FAMILY = "1,2";
			};
			name = Debug;
		};
		D27F7F032032335C00E61BE8 /* Release */ = {
			isa = XCBuildConfiguration;
			baseConfigurationReference = D80570F793DF79F218E2F070 /* Pods-SwiftFlashCards.release.xcconfig */;
			buildSettings = {
				ASSETCATALOG_COMPILER_APPICON_NAME = AppIcon;
				CODE_SIGN_STYLE = Automatic;
				INFOPLIST_FILE = SwiftFlashCards/Info.plist;
				LD_RUNPATH_SEARCH_PATHS = "$(inherited) @executable_path/Frameworks";
				PRODUCT_BUNDLE_IDENTIFIER = "lisa-j.SwiftFlashCards";
				PRODUCT_NAME = "$(TARGET_NAME)";
				SWIFT_VERSION = 4.0;
				TARGETED_DEVICE_FAMILY = "1,2";
			};
			name = Release;
		};
		D27F7F052032335C00E61BE8 /* Debug */ = {
			isa = XCBuildConfiguration;
			baseConfigurationReference = 989DABD2EDE6A07B0971201B /* Pods-SwiftFlashCardsTests.debug.xcconfig */;
			buildSettings = {
				ALWAYS_EMBED_SWIFT_STANDARD_LIBRARIES = YES;
				BUNDLE_LOADER = "$(TEST_HOST)";
				CODE_SIGN_STYLE = Automatic;
				INFOPLIST_FILE = SwiftFlashCardsTests/Info.plist;
				LD_RUNPATH_SEARCH_PATHS = "$(inherited) @executable_path/Frameworks @loader_path/Frameworks";
				PRODUCT_BUNDLE_IDENTIFIER = "lisa-j.SwiftFlashCardsTests";
				PRODUCT_NAME = "$(TARGET_NAME)";
				SWIFT_VERSION = 4.0;
				TARGETED_DEVICE_FAMILY = "1,2";
				TEST_HOST = "$(BUILT_PRODUCTS_DIR)/SwiftFlashCards.app/SwiftFlashCards";
			};
			name = Debug;
		};
		D27F7F062032335C00E61BE8 /* Release */ = {
			isa = XCBuildConfiguration;
			baseConfigurationReference = AA42597637D82DF73CDB95EA /* Pods-SwiftFlashCardsTests.release.xcconfig */;
			buildSettings = {
				ALWAYS_EMBED_SWIFT_STANDARD_LIBRARIES = YES;
				BUNDLE_LOADER = "$(TEST_HOST)";
				CODE_SIGN_STYLE = Automatic;
				INFOPLIST_FILE = SwiftFlashCardsTests/Info.plist;
				LD_RUNPATH_SEARCH_PATHS = "$(inherited) @executable_path/Frameworks @loader_path/Frameworks";
				PRODUCT_BUNDLE_IDENTIFIER = "lisa-j.SwiftFlashCardsTests";
				PRODUCT_NAME = "$(TARGET_NAME)";
				SWIFT_VERSION = 4.0;
				TARGETED_DEVICE_FAMILY = "1,2";
				TEST_HOST = "$(BUILT_PRODUCTS_DIR)/SwiftFlashCards.app/SwiftFlashCards";
			};
			name = Release;
		};
		D27F7F082032335C00E61BE8 /* Debug */ = {
			isa = XCBuildConfiguration;
			baseConfigurationReference = 769A6258A7695301D68A6520 /* Pods-SwiftFlashCardsUITests.debug.xcconfig */;
			buildSettings = {
				ALWAYS_EMBED_SWIFT_STANDARD_LIBRARIES = YES;
				CODE_SIGN_STYLE = Automatic;
				INFOPLIST_FILE = SwiftFlashCardsUITests/Info.plist;
				LD_RUNPATH_SEARCH_PATHS = "$(inherited) @executable_path/Frameworks @loader_path/Frameworks";
				PRODUCT_BUNDLE_IDENTIFIER = "lisa-j.SwiftFlashCardsUITests";
				PRODUCT_NAME = "$(TARGET_NAME)";
				SWIFT_VERSION = 4.0;
				TARGETED_DEVICE_FAMILY = "1,2";
				TEST_TARGET_NAME = SwiftFlashCards;
			};
			name = Debug;
		};
		D27F7F092032335C00E61BE8 /* Release */ = {
			isa = XCBuildConfiguration;
			baseConfigurationReference = 303C77DD3D8B0FDAA7F80063 /* Pods-SwiftFlashCardsUITests.release.xcconfig */;
			buildSettings = {
				ALWAYS_EMBED_SWIFT_STANDARD_LIBRARIES = YES;
				CODE_SIGN_STYLE = Automatic;
				INFOPLIST_FILE = SwiftFlashCardsUITests/Info.plist;
				LD_RUNPATH_SEARCH_PATHS = "$(inherited) @executable_path/Frameworks @loader_path/Frameworks";
				PRODUCT_BUNDLE_IDENTIFIER = "lisa-j.SwiftFlashCardsUITests";
				PRODUCT_NAME = "$(TARGET_NAME)";
				SWIFT_VERSION = 4.0;
				TARGETED_DEVICE_FAMILY = "1,2";
				TEST_TARGET_NAME = SwiftFlashCards;
			};
			name = Release;
		};
/* End XCBuildConfiguration section */

/* Begin XCConfigurationList section */
		D27F7ED42032335B00E61BE8 /* Build configuration list for PBXProject "SwiftFlashCards" */ = {
			isa = XCConfigurationList;
			buildConfigurations = (
				D27F7EFF2032335C00E61BE8 /* Debug */,
				D27F7F002032335C00E61BE8 /* Release */,
			);
			defaultConfigurationIsVisible = 0;
			defaultConfigurationName = Release;
		};
		D27F7F012032335C00E61BE8 /* Build configuration list for PBXNativeTarget "SwiftFlashCards" */ = {
			isa = XCConfigurationList;
			buildConfigurations = (
				D27F7F022032335C00E61BE8 /* Debug */,
				D27F7F032032335C00E61BE8 /* Release */,
			);
			defaultConfigurationIsVisible = 0;
			defaultConfigurationName = Release;
		};
		D27F7F042032335C00E61BE8 /* Build configuration list for PBXNativeTarget "SwiftFlashCardsTests" */ = {
			isa = XCConfigurationList;
			buildConfigurations = (
				D27F7F052032335C00E61BE8 /* Debug */,
				D27F7F062032335C00E61BE8 /* Release */,
			);
			defaultConfigurationIsVisible = 0;
			defaultConfigurationName = Release;
		};
		D27F7F072032335C00E61BE8 /* Build configuration list for PBXNativeTarget "SwiftFlashCardsUITests" */ = {
			isa = XCConfigurationList;
			buildConfigurations = (
				D27F7F082032335C00E61BE8 /* Debug */,
				D27F7F092032335C00E61BE8 /* Release */,
			);
			defaultConfigurationIsVisible = 0;
			defaultConfigurationName = Release;
		};
/* End XCConfigurationList section */
	};
	rootObject = D27F7ED12032335B00E61BE8 /* Project object */;
}
